// !$*UTF8*$!
{
	archiveVersion = 1;
	classes = {
	};
	objectVersion = 50;
	objects = {

/* Begin PBXBuildFile section */
		8931C3232688D1B6009310AA /* TopTableViewCell.swift in Sources */ = {isa = PBXBuildFile; fileRef = 8931C3222688D1B6009310AA /* TopTableViewCell.swift */; };
		8931C3252688D1C7009310AA /* MiddleTableViewCell.swift in Sources */ = {isa = PBXBuildFile; fileRef = 8931C3242688D1C7009310AA /* MiddleTableViewCell.swift */; };
		8931C3272688D1D9009310AA /* BottomTableViewCell.swift in Sources */ = {isa = PBXBuildFile; fileRef = 8931C3262688D1D9009310AA /* BottomTableViewCell.swift */; };
		894592D326A086E80012B412 /* DogApp.storyboard in Resources */ = {isa = PBXBuildFile; fileRef = 894592D226A086E80012B412 /* DogApp.storyboard */; };
		894592D626A089820012B412 /* StarWars.storyboard in Resources */ = {isa = PBXBuildFile; fileRef = 894592D526A089820012B412 /* StarWars.storyboard */; };
		894592D826A093670012B412 /* StarWarsVC.swift in Sources */ = {isa = PBXBuildFile; fileRef = 894592D726A093670012B412 /* StarWarsVC.swift */; };
		894592DA26A098E60012B412 /* HeroCell.swift in Sources */ = {isa = PBXBuildFile; fileRef = 894592D926A098E60012B412 /* HeroCell.swift */; };
		898650DF268CB37B00482BB6 /* Model.swift in Sources */ = {isa = PBXBuildFile; fileRef = 898650DE268CB37B00482BB6 /* Model.swift */; };
		89D0C70026A157BF008FA33F /* Alert.swift in Sources */ = {isa = PBXBuildFile; fileRef = 89D0C6FF26A157BF008FA33F /* Alert.swift */; };
		89D0C70526A15DAD008FA33F /* SWApiManager.swift in Sources */ = {isa = PBXBuildFile; fileRef = 89D0C70426A15DAD008FA33F /* SWApiManager.swift */; };
		89D0C70A26A16748008FA33F /* SWHero.swift in Sources */ = {isa = PBXBuildFile; fileRef = 89D0C70926A16748008FA33F /* SWHero.swift */; };
		89E5EEF5268901D3002120C9 /* BottomCollectionViewCell.swift in Sources */ = {isa = PBXBuildFile; fileRef = 89E5EEF4268901D3002120C9 /* BottomCollectionViewCell.swift */; };
		89E5EEF826890D24002120C9 /* ApiManager.swift in Sources */ = {isa = PBXBuildFile; fileRef = 89E5EEF726890D24002120C9 /* ApiManager.swift */; };
		89E5EEFC26891137002120C9 /* RandomImage.swift in Sources */ = {isa = PBXBuildFile; fileRef = 89E5EEFB26891137002120C9 /* RandomImage.swift */; };
		89F903E6268875E000096068 /* AppDelegate.swift in Sources */ = {isa = PBXBuildFile; fileRef = 89F903E5268875E000096068 /* AppDelegate.swift */; };
		89F903E8268875E000096068 /* SceneDelegate.swift in Sources */ = {isa = PBXBuildFile; fileRef = 89F903E7268875E000096068 /* SceneDelegate.swift */; };
		89F903EA268875E000096068 /* ViewController.swift in Sources */ = {isa = PBXBuildFile; fileRef = 89F903E9268875E000096068 /* ViewController.swift */; };
		89F903ED268875E000096068 /* Main.storyboard in Resources */ = {isa = PBXBuildFile; fileRef = 89F903EB268875E000096068 /* Main.storyboard */; };
		89F903EF268875E100096068 /* Assets.xcassets in Resources */ = {isa = PBXBuildFile; fileRef = 89F903EE268875E100096068 /* Assets.xcassets */; };
		89F903F2268875E100096068 /* LaunchScreen.storyboard in Resources */ = {isa = PBXBuildFile; fileRef = 89F903F0268875E100096068 /* LaunchScreen.storyboard */; };
/* End PBXBuildFile section */

/* Begin PBXFileReference section */
		8931C3222688D1B6009310AA /* TopTableViewCell.swift */ = {isa = PBXFileReference; lastKnownFileType = sourcecode.swift; path = TopTableViewCell.swift; sourceTree = "<group>"; };
		8931C3242688D1C7009310AA /* MiddleTableViewCell.swift */ = {isa = PBXFileReference; lastKnownFileType = sourcecode.swift; path = MiddleTableViewCell.swift; sourceTree = "<group>"; };
		8931C3262688D1D9009310AA /* BottomTableViewCell.swift */ = {isa = PBXFileReference; lastKnownFileType = sourcecode.swift; path = BottomTableViewCell.swift; sourceTree = "<group>"; };
		894592D226A086E80012B412 /* DogApp.storyboard */ = {isa = PBXFileReference; lastKnownFileType = file.storyboard; path = DogApp.storyboard; sourceTree = "<group>"; };
		894592D526A089820012B412 /* StarWars.storyboard */ = {isa = PBXFileReference; lastKnownFileType = file.storyboard; path = StarWars.storyboard; sourceTree = "<group>"; };
		894592D726A093670012B412 /* StarWarsVC.swift */ = {isa = PBXFileReference; lastKnownFileType = sourcecode.swift; path = StarWarsVC.swift; sourceTree = "<group>"; };
		894592D926A098E60012B412 /* HeroCell.swift */ = {isa = PBXFileReference; lastKnownFileType = sourcecode.swift; path = HeroCell.swift; sourceTree = "<group>"; };
		898650DE268CB37B00482BB6 /* Model.swift */ = {isa = PBXFileReference; lastKnownFileType = sourcecode.swift; path = Model.swift; sourceTree = "<group>"; };
		89D0C6FF26A157BF008FA33F /* Alert.swift */ = {isa = PBXFileReference; lastKnownFileType = sourcecode.swift; path = Alert.swift; sourceTree = "<group>"; };
		89D0C70426A15DAD008FA33F /* SWApiManager.swift */ = {isa = PBXFileReference; lastKnownFileType = sourcecode.swift; path = SWApiManager.swift; sourceTree = "<group>"; };
		89D0C70926A16748008FA33F /* SWHero.swift */ = {isa = PBXFileReference; lastKnownFileType = sourcecode.swift; path = SWHero.swift; sourceTree = "<group>"; };
		89E5EEF4268901D3002120C9 /* BottomCollectionViewCell.swift */ = {isa = PBXFileReference; lastKnownFileType = sourcecode.swift; path = BottomCollectionViewCell.swift; sourceTree = "<group>"; };
		89E5EEF726890D24002120C9 /* ApiManager.swift */ = {isa = PBXFileReference; lastKnownFileType = sourcecode.swift; path = ApiManager.swift; sourceTree = "<group>"; };
		89E5EEFB26891137002120C9 /* RandomImage.swift */ = {isa = PBXFileReference; lastKnownFileType = sourcecode.swift; path = RandomImage.swift; sourceTree = "<group>"; };
		89F903E2268875E000096068 /* practice_2.app */ = {isa = PBXFileReference; explicitFileType = wrapper.application; includeInIndex = 0; path = practice_2.app; sourceTree = BUILT_PRODUCTS_DIR; };
		89F903E5268875E000096068 /* AppDelegate.swift */ = {isa = PBXFileReference; lastKnownFileType = sourcecode.swift; path = AppDelegate.swift; sourceTree = "<group>"; };
		89F903E7268875E000096068 /* SceneDelegate.swift */ = {isa = PBXFileReference; lastKnownFileType = sourcecode.swift; path = SceneDelegate.swift; sourceTree = "<group>"; };
		89F903E9268875E000096068 /* ViewController.swift */ = {isa = PBXFileReference; lastKnownFileType = sourcecode.swift; path = ViewController.swift; sourceTree = "<group>"; };
		89F903EC268875E000096068 /* Base */ = {isa = PBXFileReference; lastKnownFileType = file.storyboard; name = Base; path = Base.lproj/Main.storyboard; sourceTree = "<group>"; };
		89F903EE268875E100096068 /* Assets.xcassets */ = {isa = PBXFileReference; lastKnownFileType = folder.assetcatalog; path = Assets.xcassets; sourceTree = "<group>"; };
		89F903F1268875E100096068 /* Base */ = {isa = PBXFileReference; lastKnownFileType = file.storyboard; name = Base; path = Base.lproj/LaunchScreen.storyboard; sourceTree = "<group>"; };
		89F903F3268875E100096068 /* Info.plist */ = {isa = PBXFileReference; lastKnownFileType = text.plist.xml; path = Info.plist; sourceTree = "<group>"; };
/* End PBXFileReference section */

/* Begin PBXFrameworksBuildPhase section */
		89F903DF268875E000096068 /* Frameworks */ = {
			isa = PBXFrameworksBuildPhase;
			buildActionMask = 2147483647;
			files = (
			);
			runOnlyForDeploymentPostprocessing = 0;
		};
/* End PBXFrameworksBuildPhase section */

/* Begin PBXGroup section */
		8931C3212688D179009310AA /* cells */ = {
			isa = PBXGroup;
			children = (
				8931C3222688D1B6009310AA /* TopTableViewCell.swift */,
				8931C3242688D1C7009310AA /* MiddleTableViewCell.swift */,
				8931C3262688D1D9009310AA /* BottomTableViewCell.swift */,
				89E5EEF4268901D3002120C9 /* BottomCollectionViewCell.swift */,
			);
			path = cells;
			sourceTree = "<group>";
		};
		894592D026A084920012B412 /* DogApp */ = {
			isa = PBXGroup;
			children = (
				89E5EEF626890D06002120C9 /* api */,
				8931C3212688D179009310AA /* cells */,
				89F903E9268875E000096068 /* ViewController.swift */,
				898650DE268CB37B00482BB6 /* Model.swift */,
				894592D226A086E80012B412 /* DogApp.storyboard */,
			);
			path = DogApp;
			sourceTree = "<group>";
		};
		894592D426A089570012B412 /* StarWarsApp */ = {
			isa = PBXGroup;
			children = (
				89D0C70126A15CB5008FA33F /* api */,
				89D0C70326A15D18008FA33F /* utils */,
				894592D526A089820012B412 /* StarWars.storyboard */,
				894592D726A093670012B412 /* StarWarsVC.swift */,
				894592D926A098E60012B412 /* HeroCell.swift */,
			);
			path = StarWarsApp;
			sourceTree = "<group>";
		};
		89D0C70126A15CB5008FA33F /* api */ = {
			isa = PBXGroup;
			children = (
				89D0C70626A166DD008FA33F /* models */,
				89D0C70226A15CC0008FA33F /* services */,
			);
			path = api;
			sourceTree = "<group>";
		};
		89D0C70226A15CC0008FA33F /* services */ = {
			isa = PBXGroup;
			children = (
				89D0C70426A15DAD008FA33F /* SWApiManager.swift */,
			);
			path = services;
			sourceTree = "<group>";
		};
		89D0C70326A15D18008FA33F /* utils */ = {
			isa = PBXGroup;
			children = (
				89D0C6FF26A157BF008FA33F /* Alert.swift */,
			);
			path = utils;
			sourceTree = "<group>";
		};
		89D0C70626A166DD008FA33F /* models */ = {
			isa = PBXGroup;
			children = (
				89D0C70926A16748008FA33F /* SWHero.swift */,
			);
			path = models;
			sourceTree = "<group>";
		};
		89E5EEF626890D06002120C9 /* api */ = {
			isa = PBXGroup;
			children = (
				89E5EEFA26890D30002120C9 /* services */,
				89E5EEF926890D29002120C9 /* models */,
			);
			path = api;
			sourceTree = "<group>";
		};
		89E5EEF926890D29002120C9 /* models */ = {
			isa = PBXGroup;
			children = (
				89E5EEFB26891137002120C9 /* RandomImage.swift */,
			);
			path = models;
			sourceTree = "<group>";
		};
		89E5EEFA26890D30002120C9 /* services */ = {
			isa = PBXGroup;
			children = (
				89E5EEF726890D24002120C9 /* ApiManager.swift */,
			);
			path = services;
			sourceTree = "<group>";
		};
		89F903D9268875E000096068 = {
			isa = PBXGroup;
			children = (
				89F903E4268875E000096068 /* practice_2 */,
				89F903E3268875E000096068 /* Products */,
			);
			sourceTree = "<group>";
		};
		89F903E3268875E000096068 /* Products */ = {
			isa = PBXGroup;
			children = (
				89F903E2268875E000096068 /* practice_2.app */,
			);
			name = Products;
			sourceTree = "<group>";
		};
		89F903E4268875E000096068 /* practice_2 */ = {
			isa = PBXGroup;
			children = (
				89F903E5268875E000096068 /* AppDelegate.swift */,
				89F903E7268875E000096068 /* SceneDelegate.swift */,
				89F903EB268875E000096068 /* Main.storyboard */,
				89F903F0268875E100096068 /* LaunchScreen.storyboard */,
				89F903EE268875E100096068 /* Assets.xcassets */,
				89F903F3268875E100096068 /* Info.plist */,
				894592D026A084920012B412 /* DogApp */,
				894592D426A089570012B412 /* StarWarsApp */,
			);
			path = practice_2;
			sourceTree = "<group>";
		};
/* End PBXGroup section */

/* Begin PBXNativeTarget section */
		89F903E1268875E000096068 /* practice_2 */ = {
			isa = PBXNativeTarget;
			buildConfigurationList = 89F903F6268875E100096068 /* Build configuration list for PBXNativeTarget "practice_2" */;
			buildPhases = (
				89A03EBD268F9BF60068FC33 /* Run Swiftlint */,
				89F903DE268875E000096068 /* Sources */,
				89F903DF268875E000096068 /* Frameworks */,
				89F903E0268875E000096068 /* Resources */,
			);
			buildRules = (
			);
			dependencies = (
			);
			name = practice_2;
			productName = practice_2;
			productReference = 89F903E2268875E000096068 /* practice_2.app */;
			productType = "com.apple.product-type.application";
		};
/* End PBXNativeTarget section */

/* Begin PBXProject section */
		89F903DA268875E000096068 /* Project object */ = {
			isa = PBXProject;
			attributes = {
				LastSwiftUpdateCheck = 1250;
				LastUpgradeCheck = 1250;
				TargetAttributes = {
					89F903E1268875E000096068 = {
						CreatedOnToolsVersion = 12.5;
					};
				};
			};
			buildConfigurationList = 89F903DD268875E000096068 /* Build configuration list for PBXProject "practice_2" */;
			compatibilityVersion = "Xcode 9.3";
			developmentRegion = en;
			hasScannedForEncodings = 0;
			knownRegions = (
				en,
				Base,
			);
			mainGroup = 89F903D9268875E000096068;
			productRefGroup = 89F903E3268875E000096068 /* Products */;
			projectDirPath = "";
			projectRoot = "";
			targets = (
				89F903E1268875E000096068 /* practice_2 */,
			);
		};
/* End PBXProject section */

/* Begin PBXResourcesBuildPhase section */
		89F903E0268875E000096068 /* Resources */ = {
			isa = PBXResourcesBuildPhase;
			buildActionMask = 2147483647;
			files = (
				89F903F2268875E100096068 /* LaunchScreen.storyboard in Resources */,
				89F903EF268875E100096068 /* Assets.xcassets in Resources */,
				89F903ED268875E000096068 /* Main.storyboard in Resources */,
				894592D326A086E80012B412 /* DogApp.storyboard in Resources */,
				894592D626A089820012B412 /* StarWars.storyboard in Resources */,
			);
			runOnlyForDeploymentPostprocessing = 0;
		};
/* End PBXResourcesBuildPhase section */

/* Begin PBXShellScriptBuildPhase section */
		89A03EBD268F9BF60068FC33 /* Run Swiftlint */ = {
			isa = PBXShellScriptBuildPhase;
			buildActionMask = 2147483647;
			files = (
			);
			inputFileListPaths = (
			);
			inputPaths = (
			);
			name = "Run Swiftlint";
			outputFileListPaths = (
			);
			outputPaths = (
			);
			runOnlyForDeploymentPostprocessing = 0;
			shellPath = /bin/sh;
			shellScript = "# Type a script or drag a script file from your workspace to insert its path.\neval $(/opt/homebrew/bin/brew shellenv)\nif which swiftlint >/dev/null; then\n  swiftlint\nelse\n  echo \"warning: SwiftLint not installed, download from https://github.com/realm/SwiftLint\"\nfi\n";
		};
/* End PBXShellScriptBuildPhase section */

/* Begin PBXSourcesBuildPhase section */
		89F903DE268875E000096068 /* Sources */ = {
			isa = PBXSourcesBuildPhase;
			buildActionMask = 2147483647;
			files = (
				89D0C70526A15DAD008FA33F /* SWApiManager.swift in Sources */,
				89E5EEF826890D24002120C9 /* ApiManager.swift in Sources */,
				89E5EEFC26891137002120C9 /* RandomImage.swift in Sources */,
				8931C3232688D1B6009310AA /* TopTableViewCell.swift in Sources */,
				89D0C70A26A16748008FA33F /* SWHero.swift in Sources */,
				894592DA26A098E60012B412 /* HeroCell.swift in Sources */,
				89E5EEF5268901D3002120C9 /* BottomCollectionViewCell.swift in Sources */,
				89D0C70026A157BF008FA33F /* Alert.swift in Sources */,
				89F903EA268875E000096068 /* ViewController.swift in Sources */,
				898650DF268CB37B00482BB6 /* Model.swift in Sources */,
				8931C3272688D1D9009310AA /* BottomTableViewCell.swift in Sources */,
				89F903E6268875E000096068 /* AppDelegate.swift in Sources */,
				894592D826A093670012B412 /* StarWarsVC.swift in Sources */,
				89F903E8268875E000096068 /* SceneDelegate.swift in Sources */,
				8931C3252688D1C7009310AA /* MiddleTableViewCell.swift in Sources */,
			);
			runOnlyForDeploymentPostprocessing = 0;
		};
/* End PBXSourcesBuildPhase section */

/* Begin PBXVariantGroup section */
		89F903EB268875E000096068 /* Main.storyboard */ = {
			isa = PBXVariantGroup;
			children = (
				89F903EC268875E000096068 /* Base */,
			);
			name = Main.storyboard;
			sourceTree = "<group>";
		};
		89F903F0268875E100096068 /* LaunchScreen.storyboard */ = {
			isa = PBXVariantGroup;
			children = (
				89F903F1268875E100096068 /* Base */,
			);
			name = LaunchScreen.storyboard;
			sourceTree = "<group>";
		};
/* End PBXVariantGroup section */

/* Begin XCBuildConfiguration section */
		89F903F4268875E100096068 /* Debug */ = {
			isa = XCBuildConfiguration;
			buildSettings = {
				ALWAYS_SEARCH_USER_PATHS = NO;
				CLANG_ANALYZER_NONNULL = YES;
				CLANG_ANALYZER_NUMBER_OBJECT_CONVERSION = YES_AGGRESSIVE;
				CLANG_CXX_LANGUAGE_STANDARD = "gnu++14";
				CLANG_CXX_LIBRARY = "libc++";
				CLANG_ENABLE_MODULES = YES;
				CLANG_ENABLE_OBJC_ARC = YES;
				CLANG_ENABLE_OBJC_WEAK = YES;
				CLANG_WARN_BLOCK_CAPTURE_AUTORELEASING = YES;
				CLANG_WARN_BOOL_CONVERSION = YES;
				CLANG_WARN_COMMA = YES;
				CLANG_WARN_CONSTANT_CONVERSION = YES;
				CLANG_WARN_DEPRECATED_OBJC_IMPLEMENTATIONS = YES;
				CLANG_WARN_DIRECT_OBJC_ISA_USAGE = YES_ERROR;
				CLANG_WARN_DOCUMENTATION_COMMENTS = YES;
				CLANG_WARN_EMPTY_BODY = YES;
				CLANG_WARN_ENUM_CONVERSION = YES;
				CLANG_WARN_INFINITE_RECURSION = YES;
				CLANG_WARN_INT_CONVERSION = YES;
				CLANG_WARN_NON_LITERAL_NULL_CONVERSION = YES;
				CLANG_WARN_OBJC_IMPLICIT_RETAIN_SELF = YES;
				CLANG_WARN_OBJC_LITERAL_CONVERSION = YES;
				CLANG_WARN_OBJC_ROOT_CLASS = YES_ERROR;
				CLANG_WARN_QUOTED_INCLUDE_IN_FRAMEWORK_HEADER = YES;
				CLANG_WARN_RANGE_LOOP_ANALYSIS = YES;
				CLANG_WARN_STRICT_PROTOTYPES = YES;
				CLANG_WARN_SUSPICIOUS_MOVE = YES;
				CLANG_WARN_UNGUARDED_AVAILABILITY = YES_AGGRESSIVE;
				CLANG_WARN_UNREACHABLE_CODE = YES;
				CLANG_WARN__DUPLICATE_METHOD_MATCH = YES;
				COPY_PHASE_STRIP = NO;
				DEBUG_INFORMATION_FORMAT = dwarf;
				ENABLE_STRICT_OBJC_MSGSEND = YES;
				ENABLE_TESTABILITY = YES;
				GCC_C_LANGUAGE_STANDARD = gnu11;
				GCC_DYNAMIC_NO_PIC = NO;
				GCC_NO_COMMON_BLOCKS = YES;
				GCC_OPTIMIZATION_LEVEL = 0;
				GCC_PREPROCESSOR_DEFINITIONS = (
					"DEBUG=1",
					"$(inherited)",
				);
				GCC_WARN_64_TO_32_BIT_CONVERSION = YES;
				GCC_WARN_ABOUT_RETURN_TYPE = YES_ERROR;
				GCC_WARN_UNDECLARED_SELECTOR = YES;
				GCC_WARN_UNINITIALIZED_AUTOS = YES_AGGRESSIVE;
				GCC_WARN_UNUSED_FUNCTION = YES;
				GCC_WARN_UNUSED_VARIABLE = YES;
				IPHONEOS_DEPLOYMENT_TARGET = 14.5;
				MTL_ENABLE_DEBUG_INFO = INCLUDE_SOURCE;
				MTL_FAST_MATH = YES;
				ONLY_ACTIVE_ARCH = YES;
				SDKROOT = iphoneos;
				SWIFT_ACTIVE_COMPILATION_CONDITIONS = DEBUG;
				SWIFT_OPTIMIZATION_LEVEL = "-Onone";
			};
			name = Debug;
		};
		89F903F5268875E100096068 /* Release */ = {
			isa = XCBuildConfiguration;
			buildSettings = {
				ALWAYS_SEARCH_USER_PATHS = NO;
				CLANG_ANALYZER_NONNULL = YES;
				CLANG_ANALYZER_NUMBER_OBJECT_CONVERSION = YES_AGGRESSIVE;
				CLANG_CXX_LANGUAGE_STANDARD = "gnu++14";
				CLANG_CXX_LIBRARY = "libc++";
				CLANG_ENABLE_MODULES = YES;
				CLANG_ENABLE_OBJC_ARC = YES;
				CLANG_ENABLE_OBJC_WEAK = YES;
				CLANG_WARN_BLOCK_CAPTURE_AUTORELEASING = YES;
				CLANG_WARN_BOOL_CONVERSION = YES;
				CLANG_WARN_COMMA = YES;
				CLANG_WARN_CONSTANT_CONVERSION = YES;
				CLANG_WARN_DEPRECATED_OBJC_IMPLEMENTATIONS = YES;
				CLANG_WARN_DIRECT_OBJC_ISA_USAGE = YES_ERROR;
				CLANG_WARN_DOCUMENTATION_COMMENTS = YES;
				CLANG_WARN_EMPTY_BODY = YES;
				CLANG_WARN_ENUM_CONVERSION = YES;
				CLANG_WARN_INFINITE_RECURSION = YES;
				CLANG_WARN_INT_CONVERSION = YES;
				CLANG_WARN_NON_LITERAL_NULL_CONVERSION = YES;
				CLANG_WARN_OBJC_IMPLICIT_RETAIN_SELF = YES;
				CLANG_WARN_OBJC_LITERAL_CONVERSION = YES;
				CLANG_WARN_OBJC_ROOT_CLASS = YES_ERROR;
				CLANG_WARN_QUOTED_INCLUDE_IN_FRAMEWORK_HEADER = YES;
				CLANG_WARN_RANGE_LOOP_ANALYSIS = YES;
				CLANG_WARN_STRICT_PROTOTYPES = YES;
				CLANG_WARN_SUSPICIOUS_MOVE = YES;
				CLANG_WARN_UNGUARDED_AVAILABILITY = YES_AGGRESSIVE;
				CLANG_WARN_UNREACHABLE_CODE = YES;
				CLANG_WARN__DUPLICATE_METHOD_MATCH = YES;
				COPY_PHASE_STRIP = NO;
				DEBUG_INFORMATION_FORMAT = "dwarf-with-dsym";
				ENABLE_NS_ASSERTIONS = NO;
				ENABLE_STRICT_OBJC_MSGSEND = YES;
				GCC_C_LANGUAGE_STANDARD = gnu11;
				GCC_NO_COMMON_BLOCKS = YES;
				GCC_WARN_64_TO_32_BIT_CONVERSION = YES;
				GCC_WARN_ABOUT_RETURN_TYPE = YES_ERROR;
				GCC_WARN_UNDECLARED_SELECTOR = YES;
				GCC_WARN_UNINITIALIZED_AUTOS = YES_AGGRESSIVE;
				GCC_WARN_UNUSED_FUNCTION = YES;
				GCC_WARN_UNUSED_VARIABLE = YES;
				IPHONEOS_DEPLOYMENT_TARGET = 14.5;
				MTL_ENABLE_DEBUG_INFO = NO;
				MTL_FAST_MATH = YES;
				SDKROOT = iphoneos;
				SWIFT_COMPILATION_MODE = wholemodule;
				SWIFT_OPTIMIZATION_LEVEL = "-O";
				VALIDATE_PRODUCT = YES;
			};
			name = Release;
		};
		89F903F7268875E100096068 /* Debug */ = {
			isa = XCBuildConfiguration;
			buildSettings = {
				ASSETCATALOG_COMPILER_APPICON_NAME = AppIcon;
				ASSETCATALOG_COMPILER_GLOBAL_ACCENT_COLOR_NAME = AccentColor;
				CODE_SIGN_STYLE = Automatic;
				DEVELOPMENT_TEAM = 353WQ2ARJQ;
				INFOPLIST_FILE = practice_2/Info.plist;
				LD_RUNPATH_SEARCH_PATHS = (
					"$(inherited)",
					"@executable_path/Frameworks",
				);
				PRODUCT_BUNDLE_IDENTIFIER = "ru.firstprojectbb.practice-2";
				PRODUCT_NAME = "$(TARGET_NAME)";
				SWIFT_VERSION = 5.0;
				TARGETED_DEVICE_FAMILY = "1,2";
			};
			name = Debug;
		};
		89F903F8268875E100096068 /* Release */ = {
			isa = XCBuildConfiguration;
			buildSettings = {
				ASSETCATALOG_COMPILER_APPICON_NAME = AppIcon;
				ASSETCATALOG_COMPILER_GLOBAL_ACCENT_COLOR_NAME = AccentColor;
				CODE_SIGN_STYLE = Automatic;
				DEVELOPMENT_TEAM = 353WQ2ARJQ;
				INFOPLIST_FILE = practice_2/Info.plist;
				LD_RUNPATH_SEARCH_PATHS = (
					"$(inherited)",
					"@executable_path/Frameworks",
				);
				PRODUCT_BUNDLE_IDENTIFIER = "ru.firstprojectbb.practice-2";
				PRODUCT_NAME = "$(TARGET_NAME)";
				SWIFT_VERSION = 5.0;
				TARGETED_DEVICE_FAMILY = "1,2";
			};
			name = Release;
		};
/* End XCBuildConfiguration section */

/* Begin XCConfigurationList section */
		89F903DD268875E000096068 /* Build configuration list for PBXProject "practice_2" */ = {
			isa = XCConfigurationList;
			buildConfigurations = (
				89F903F4268875E100096068 /* Debug */,
				89F903F5268875E100096068 /* Release */,
			);
			defaultConfigurationIsVisible = 0;
			defaultConfigurationName = Release;
		};
		89F903F6268875E100096068 /* Build configuration list for PBXNativeTarget "practice_2" */ = {
			isa = XCConfigurationList;
			buildConfigurations = (
				89F903F7268875E100096068 /* Debug */,
				89F903F8268875E100096068 /* Release */,
			);
			defaultConfigurationIsVisible = 0;
			defaultConfigurationName = Release;
		};
/* End XCConfigurationList section */
	};
	rootObject = 89F903DA268875E000096068 /* Project object */;
}
