// !$*UTF8*$!
{
	archiveVersion = 1;
	classes = {
	};
	objectVersion = 50;
	objects = {

/* Begin PBXBuildFile section */
		8931C3232688D1B6009310AA /* TopTableViewCell.swift in Sources */ = {isa = PBXBuildFile; fileRef = 8931C3222688D1B6009310AA /* TopTableViewCell.swift */; };
		8931C3252688D1C7009310AA /* MiddleTableViewCell.swift in Sources */ = {isa = PBXBuildFile; fileRef = 8931C3242688D1C7009310AA /* MiddleTableViewCell.swift */; };
		8931C3272688D1D9009310AA /* BottomTableViewCell.swift in Sources */ = {isa = PBXBuildFile; fileRef = 8931C3262688D1D9009310AA /* BottomTableViewCell.swift */; };
		894592D326A086E80012B412 /* DogApp.storyboard in Resources */ = {isa = PBXBuildFile; fileRef = 894592D226A086E80012B412 /* DogApp.storyboard */; };
		894592D626A089820012B412 /* StarWars.storyboard in Resources */ = {isa = PBXBuildFile; fileRef = 894592D526A089820012B412 /* StarWars.storyboard */; };
		894592D826A093670012B412 /* StarWarsVC.swift in Sources */ = {isa = PBXBuildFile; fileRef = 894592D726A093670012B412 /* StarWarsVC.swift */; };
		894592DA26A098E60012B412 /* HeroCell.swift in Sources */ = {isa = PBXBuildFile; fileRef = 894592D926A098E60012B412 /* HeroCell.swift */; };
		894BD1F526BDA55500900929 /* AnimalsMiddleCell.swift in Sources */ = {isa = PBXBuildFile; fileRef = 894BD1F326BDA55500900929 /* AnimalsMiddleCell.swift */; };
		894BD1F626BDA55500900929 /* AnimalsMiddleCell.xib in Resources */ = {isa = PBXBuildFile; fileRef = 894BD1F426BDA55500900929 /* AnimalsMiddleCell.xib */; };
		894BD1F926BDAD6100900929 /* AnimalsMiddleCVCell.swift in Sources */ = {isa = PBXBuildFile; fileRef = 894BD1F726BDAD6100900929 /* AnimalsMiddleCVCell.swift */; };
		894BD1FA26BDAD6100900929 /* AnimalsMiddleCVCell.xib in Resources */ = {isa = PBXBuildFile; fileRef = 894BD1F826BDAD6100900929 /* AnimalsMiddleCVCell.xib */; };
		8957C83A26C4362F0065CBA9 /* CatBreeds.swift in Sources */ = {isa = PBXBuildFile; fileRef = 8957C83926C4362F0065CBA9 /* CatBreeds.swift */; };
		897DC03226CA1E8200FDFAE5 /* AnimalInfo.swift in Sources */ = {isa = PBXBuildFile; fileRef = 897DC03126CA1E8200FDFAE5 /* AnimalInfo.swift */; };
		898650DF268CB37B00482BB6 /* Model.swift in Sources */ = {isa = PBXBuildFile; fileRef = 898650DE268CB37B00482BB6 /* Model.swift */; };
		898EAF4426C4DEAF000105DA /* CatImages.swift in Sources */ = {isa = PBXBuildFile; fileRef = 898EAF4326C4DEAF000105DA /* CatImages.swift */; };
		899078BB26C397FC00CE6B80 /* AnimalImageScrollView.swift in Sources */ = {isa = PBXBuildFile; fileRef = 899078BA26C397FC00CE6B80 /* AnimalImageScrollView.swift */; };
		899AC45526A1F029002EF867 /* StarWarsDataModel.xcdatamodeld in Sources */ = {isa = PBXBuildFile; fileRef = 899AC45326A1F029002EF867 /* StarWarsDataModel.xcdatamodeld */; };
		89A3DC4E26C5957A00FC2551 /* AnimalsDatabaseStack.swift in Sources */ = {isa = PBXBuildFile; fileRef = 89A3DC4D26C5957A00FC2551 /* AnimalsDatabaseStack.swift */; };
		89AB269226A1F21B0053C771 /* DatabaseStack.swift in Sources */ = {isa = PBXBuildFile; fileRef = 89AB269126A1F21B0053C771 /* DatabaseStack.swift */; };
		89AB269526A1F53C0053C771 /* DatabaseService.swift in Sources */ = {isa = PBXBuildFile; fileRef = 89AB269426A1F53C0053C771 /* DatabaseService.swift */; };
		89AB269726A1FAC70053C771 /* DefaultDatabaseService.swift in Sources */ = {isa = PBXBuildFile; fileRef = 89AB269626A1FAC70053C771 /* DefaultDatabaseService.swift */; };
		89D0C70026A157BF008FA33F /* Alert.swift in Sources */ = {isa = PBXBuildFile; fileRef = 89D0C6FF26A157BF008FA33F /* Alert.swift */; };
		89D0C70526A15DAD008FA33F /* SWApiManager.swift in Sources */ = {isa = PBXBuildFile; fileRef = 89D0C70426A15DAD008FA33F /* SWApiManager.swift */; };
		89D0C70A26A16748008FA33F /* SWHero.swift in Sources */ = {isa = PBXBuildFile; fileRef = 89D0C70926A16748008FA33F /* SWHero.swift */; };
		89D0C70C26A18955008FA33F /* HeroModel.swift in Sources */ = {isa = PBXBuildFile; fileRef = 89D0C70B26A18955008FA33F /* HeroModel.swift */; };
		89D0C70F26A1A28A008FA33F /* DetailHeroVC.swift in Sources */ = {isa = PBXBuildFile; fileRef = 89D0C70E26A1A28A008FA33F /* DetailHeroVC.swift */; };
		89D2134826AD530D0019B40C /* AnimalsApp.storyboard in Resources */ = {isa = PBXBuildFile; fileRef = 89D2134726AD530D0019B40C /* AnimalsApp.storyboard */; };
		89D2134D26AD540B0019B40C /* AnimalsListViewContoller.swift in Sources */ = {isa = PBXBuildFile; fileRef = 89D2134C26AD540B0019B40C /* AnimalsListViewContoller.swift */; };
		89D2135426AD5FCD0019B40C /* AnimalsTopCell.swift in Sources */ = {isa = PBXBuildFile; fileRef = 89D2135226AD5FCD0019B40C /* AnimalsTopCell.swift */; };
		89D2135526AD5FCD0019B40C /* AnimalsTopCell.xib in Resources */ = {isa = PBXBuildFile; fileRef = 89D2135326AD5FCD0019B40C /* AnimalsTopCell.xib */; };
		89D2135D26AD85110019B40C /* AnimalsBottomCell.swift in Sources */ = {isa = PBXBuildFile; fileRef = 89D2135B26AD85110019B40C /* AnimalsBottomCell.swift */; };
		89D2135E26AD85110019B40C /* AnimalsBottomCell.xib in Resources */ = {isa = PBXBuildFile; fileRef = 89D2135C26AD85110019B40C /* AnimalsBottomCell.xib */; };
		89D2136026ADA6230019B40C /* AnimalsListPresenter.swift in Sources */ = {isa = PBXBuildFile; fileRef = 89D2135F26ADA6230019B40C /* AnimalsListPresenter.swift */; };
		89D2136326ADA9120019B40C /* Animal.swift in Sources */ = {isa = PBXBuildFile; fileRef = 89D2136226ADA9120019B40C /* Animal.swift */; };
		89D2136726ADAA300019B40C /* NetworkService.swift in Sources */ = {isa = PBXBuildFile; fileRef = 89D2136626ADAA300019B40C /* NetworkService.swift */; };
		89D2136A26ADAE410019B40C /* DogBreeds.swift in Sources */ = {isa = PBXBuildFile; fileRef = 89D2136926ADAE410019B40C /* DogBreeds.swift */; };
		89D2136C26ADB0C70019B40C /* DogImages.swift in Sources */ = {isa = PBXBuildFile; fileRef = 89D2136B26ADB0C70019B40C /* DogImages.swift */; };
		89D6503A26C308F30068A0B3 /* FullScreenBreedViewController.swift in Sources */ = {isa = PBXBuildFile; fileRef = 89D6503926C308F30068A0B3 /* FullScreenBreedViewController.swift */; };
		89DD673126B047C8009AC456 /* DogRandomImage.swift in Sources */ = {isa = PBXBuildFile; fileRef = 89DD673026B047C8009AC456 /* DogRandomImage.swift */; };
		89DFF7B026BC3FAD00B24280 /* DetailsBreedViewController.swift in Sources */ = {isa = PBXBuildFile; fileRef = 89DFF7AE26BC3FAD00B24280 /* DetailsBreedViewController.swift */; };
		89DFF7B526BC409200B24280 /* DetailsBreedPresenter.swift in Sources */ = {isa = PBXBuildFile; fileRef = 89DFF7B426BC409200B24280 /* DetailsBreedPresenter.swift */; };
		89DFF7B726BC439700B24280 /* ModuleBuilder.swift in Sources */ = {isa = PBXBuildFile; fileRef = 89DFF7B626BC439700B24280 /* ModuleBuilder.swift */; };
		89E365A426C58E910039814D /* AnimalsDatabaseService.swift in Sources */ = {isa = PBXBuildFile; fileRef = 89E365A326C58E910039814D /* AnimalsDatabaseService.swift */; };
		89E365A626C58ED40039814D /* DefaultAnimalsDBService.swift in Sources */ = {isa = PBXBuildFile; fileRef = 89E365A526C58ED40039814D /* DefaultAnimalsDBService.swift */; };
		89E365A926C58F680039814D /* AnimalsAppDataModel.xcdatamodeld in Sources */ = {isa = PBXBuildFile; fileRef = 89E365A726C58F680039814D /* AnimalsAppDataModel.xcdatamodeld */; };
		89E5EEF5268901D3002120C9 /* BottomCollectionViewCell.swift in Sources */ = {isa = PBXBuildFile; fileRef = 89E5EEF4268901D3002120C9 /* BottomCollectionViewCell.swift */; };
		89E5EEF826890D24002120C9 /* ApiManager.swift in Sources */ = {isa = PBXBuildFile; fileRef = 89E5EEF726890D24002120C9 /* ApiManager.swift */; };
		89E5EEFC26891137002120C9 /* RandomImage.swift in Sources */ = {isa = PBXBuildFile; fileRef = 89E5EEFB26891137002120C9 /* RandomImage.swift */; };
		89E8124426BE5B6C00C4A943 /* AnimalsBottomCVCell.swift in Sources */ = {isa = PBXBuildFile; fileRef = 89E8124226BE5B6C00C4A943 /* AnimalsBottomCVCell.swift */; };
		89E8124526BE5B6C00C4A943 /* AnimalsBottomCVCell.xib in Resources */ = {isa = PBXBuildFile; fileRef = 89E8124326BE5B6C00C4A943 /* AnimalsBottomCVCell.xib */; };
		89E8124926BE782A00C4A943 /* DetailsBreedCell.swift in Sources */ = {isa = PBXBuildFile; fileRef = 89E8124726BE782A00C4A943 /* DetailsBreedCell.swift */; };
		89E8124A26BE782A00C4A943 /* DetailsBreedCell.xib in Resources */ = {isa = PBXBuildFile; fileRef = 89E8124826BE782A00C4A943 /* DetailsBreedCell.xib */; };
		89F903E6268875E000096068 /* AppDelegate.swift in Sources */ = {isa = PBXBuildFile; fileRef = 89F903E5268875E000096068 /* AppDelegate.swift */; };
		89F903E8268875E000096068 /* SceneDelegate.swift in Sources */ = {isa = PBXBuildFile; fileRef = 89F903E7268875E000096068 /* SceneDelegate.swift */; };
		89F903EA268875E000096068 /* ViewController.swift in Sources */ = {isa = PBXBuildFile; fileRef = 89F903E9268875E000096068 /* ViewController.swift */; };
		89F903ED268875E000096068 /* Main.storyboard in Resources */ = {isa = PBXBuildFile; fileRef = 89F903EB268875E000096068 /* Main.storyboard */; };
		89F903EF268875E100096068 /* Assets.xcassets in Resources */ = {isa = PBXBuildFile; fileRef = 89F903EE268875E100096068 /* Assets.xcassets */; };
		89F903F2268875E100096068 /* LaunchScreen.storyboard in Resources */ = {isa = PBXBuildFile; fileRef = 89F903F0268875E100096068 /* LaunchScreen.storyboard */; };
/* End PBXBuildFile section */

/* Begin PBXFileReference section */
		8931C3222688D1B6009310AA /* TopTableViewCell.swift */ = {isa = PBXFileReference; lastKnownFileType = sourcecode.swift; path = TopTableViewCell.swift; sourceTree = "<group>"; };
		8931C3242688D1C7009310AA /* MiddleTableViewCell.swift */ = {isa = PBXFileReference; lastKnownFileType = sourcecode.swift; path = MiddleTableViewCell.swift; sourceTree = "<group>"; };
		8931C3262688D1D9009310AA /* BottomTableViewCell.swift */ = {isa = PBXFileReference; lastKnownFileType = sourcecode.swift; path = BottomTableViewCell.swift; sourceTree = "<group>"; };
		894592D226A086E80012B412 /* DogApp.storyboard */ = {isa = PBXFileReference; lastKnownFileType = file.storyboard; path = DogApp.storyboard; sourceTree = "<group>"; };
		894592D526A089820012B412 /* StarWars.storyboard */ = {isa = PBXFileReference; lastKnownFileType = file.storyboard; path = StarWars.storyboard; sourceTree = "<group>"; };
		894592D726A093670012B412 /* StarWarsVC.swift */ = {isa = PBXFileReference; lastKnownFileType = sourcecode.swift; path = StarWarsVC.swift; sourceTree = "<group>"; };
		894592D926A098E60012B412 /* HeroCell.swift */ = {isa = PBXFileReference; lastKnownFileType = sourcecode.swift; path = HeroCell.swift; sourceTree = "<group>"; };
		894BD1F326BDA55500900929 /* AnimalsMiddleCell.swift */ = {isa = PBXFileReference; lastKnownFileType = sourcecode.swift; path = AnimalsMiddleCell.swift; sourceTree = "<group>"; };
		894BD1F426BDA55500900929 /* AnimalsMiddleCell.xib */ = {isa = PBXFileReference; lastKnownFileType = file.xib; path = AnimalsMiddleCell.xib; sourceTree = "<group>"; };
		894BD1F726BDAD6100900929 /* AnimalsMiddleCVCell.swift */ = {isa = PBXFileReference; lastKnownFileType = sourcecode.swift; path = AnimalsMiddleCVCell.swift; sourceTree = "<group>"; };
		894BD1F826BDAD6100900929 /* AnimalsMiddleCVCell.xib */ = {isa = PBXFileReference; lastKnownFileType = file.xib; path = AnimalsMiddleCVCell.xib; sourceTree = "<group>"; };
		8957C83926C4362F0065CBA9 /* CatBreeds.swift */ = {isa = PBXFileReference; lastKnownFileType = sourcecode.swift; path = CatBreeds.swift; sourceTree = "<group>"; };
		897DC03126CA1E8200FDFAE5 /* AnimalInfo.swift */ = {isa = PBXFileReference; lastKnownFileType = sourcecode.swift; path = AnimalInfo.swift; sourceTree = "<group>"; };
		898650DE268CB37B00482BB6 /* Model.swift */ = {isa = PBXFileReference; lastKnownFileType = sourcecode.swift; path = Model.swift; sourceTree = "<group>"; };
		898EAF4326C4DEAF000105DA /* CatImages.swift */ = {isa = PBXFileReference; lastKnownFileType = sourcecode.swift; path = CatImages.swift; sourceTree = "<group>"; };
		899078BA26C397FC00CE6B80 /* AnimalImageScrollView.swift */ = {isa = PBXFileReference; lastKnownFileType = sourcecode.swift; path = AnimalImageScrollView.swift; sourceTree = "<group>"; };
		899AC45426A1F029002EF867 /* StarWarsDataModel.xcdatamodel */ = {isa = PBXFileReference; lastKnownFileType = wrapper.xcdatamodel; path = StarWarsDataModel.xcdatamodel; sourceTree = "<group>"; };
		89A3DC4D26C5957A00FC2551 /* AnimalsDatabaseStack.swift */ = {isa = PBXFileReference; lastKnownFileType = sourcecode.swift; path = AnimalsDatabaseStack.swift; sourceTree = "<group>"; };
		89AB269126A1F21B0053C771 /* DatabaseStack.swift */ = {isa = PBXFileReference; lastKnownFileType = sourcecode.swift; path = DatabaseStack.swift; sourceTree = "<group>"; };
		89AB269426A1F53C0053C771 /* DatabaseService.swift */ = {isa = PBXFileReference; lastKnownFileType = sourcecode.swift; path = DatabaseService.swift; sourceTree = "<group>"; };
		89AB269626A1FAC70053C771 /* DefaultDatabaseService.swift */ = {isa = PBXFileReference; lastKnownFileType = sourcecode.swift; path = DefaultDatabaseService.swift; sourceTree = "<group>"; };
		89D0C6FF26A157BF008FA33F /* Alert.swift */ = {isa = PBXFileReference; lastKnownFileType = sourcecode.swift; path = Alert.swift; sourceTree = "<group>"; };
		89D0C70426A15DAD008FA33F /* SWApiManager.swift */ = {isa = PBXFileReference; lastKnownFileType = sourcecode.swift; path = SWApiManager.swift; sourceTree = "<group>"; };
		89D0C70926A16748008FA33F /* SWHero.swift */ = {isa = PBXFileReference; lastKnownFileType = sourcecode.swift; path = SWHero.swift; sourceTree = "<group>"; };
		89D0C70B26A18955008FA33F /* HeroModel.swift */ = {isa = PBXFileReference; lastKnownFileType = sourcecode.swift; path = HeroModel.swift; sourceTree = "<group>"; };
		89D0C70E26A1A28A008FA33F /* DetailHeroVC.swift */ = {isa = PBXFileReference; lastKnownFileType = sourcecode.swift; path = DetailHeroVC.swift; sourceTree = "<group>"; };
		89D2134726AD530D0019B40C /* AnimalsApp.storyboard */ = {isa = PBXFileReference; lastKnownFileType = file.storyboard; path = AnimalsApp.storyboard; sourceTree = "<group>"; };
		89D2134C26AD540B0019B40C /* AnimalsListViewContoller.swift */ = {isa = PBXFileReference; lastKnownFileType = sourcecode.swift; path = AnimalsListViewContoller.swift; sourceTree = "<group>"; };
		89D2135226AD5FCD0019B40C /* AnimalsTopCell.swift */ = {isa = PBXFileReference; lastKnownFileType = sourcecode.swift; path = AnimalsTopCell.swift; sourceTree = "<group>"; };
		89D2135326AD5FCD0019B40C /* AnimalsTopCell.xib */ = {isa = PBXFileReference; lastKnownFileType = file.xib; path = AnimalsTopCell.xib; sourceTree = "<group>"; };
		89D2135B26AD85110019B40C /* AnimalsBottomCell.swift */ = {isa = PBXFileReference; lastKnownFileType = sourcecode.swift; path = AnimalsBottomCell.swift; sourceTree = "<group>"; };
		89D2135C26AD85110019B40C /* AnimalsBottomCell.xib */ = {isa = PBXFileReference; lastKnownFileType = file.xib; path = AnimalsBottomCell.xib; sourceTree = "<group>"; };
		89D2135F26ADA6230019B40C /* AnimalsListPresenter.swift */ = {isa = PBXFileReference; lastKnownFileType = sourcecode.swift; path = AnimalsListPresenter.swift; sourceTree = "<group>"; };
		89D2136226ADA9120019B40C /* Animal.swift */ = {isa = PBXFileReference; lastKnownFileType = sourcecode.swift; path = Animal.swift; sourceTree = "<group>"; };
		89D2136626ADAA300019B40C /* NetworkService.swift */ = {isa = PBXFileReference; lastKnownFileType = sourcecode.swift; path = NetworkService.swift; sourceTree = "<group>"; };
		89D2136926ADAE410019B40C /* DogBreeds.swift */ = {isa = PBXFileReference; lastKnownFileType = sourcecode.swift; path = DogBreeds.swift; sourceTree = "<group>"; };
		89D2136B26ADB0C70019B40C /* DogImages.swift */ = {isa = PBXFileReference; lastKnownFileType = sourcecode.swift; path = DogImages.swift; sourceTree = "<group>"; };
		89D6503926C308F30068A0B3 /* FullScreenBreedViewController.swift */ = {isa = PBXFileReference; lastKnownFileType = sourcecode.swift; path = FullScreenBreedViewController.swift; sourceTree = "<group>"; };
		89DD673026B047C8009AC456 /* DogRandomImage.swift */ = {isa = PBXFileReference; lastKnownFileType = sourcecode.swift; path = DogRandomImage.swift; sourceTree = "<group>"; };
		89DFF7AE26BC3FAD00B24280 /* DetailsBreedViewController.swift */ = {isa = PBXFileReference; lastKnownFileType = sourcecode.swift; path = DetailsBreedViewController.swift; sourceTree = "<group>"; };
		89DFF7B426BC409200B24280 /* DetailsBreedPresenter.swift */ = {isa = PBXFileReference; lastKnownFileType = sourcecode.swift; path = DetailsBreedPresenter.swift; sourceTree = "<group>"; };
		89DFF7B626BC439700B24280 /* ModuleBuilder.swift */ = {isa = PBXFileReference; lastKnownFileType = sourcecode.swift; path = ModuleBuilder.swift; sourceTree = "<group>"; };
		89E365A326C58E910039814D /* AnimalsDatabaseService.swift */ = {isa = PBXFileReference; lastKnownFileType = sourcecode.swift; path = AnimalsDatabaseService.swift; sourceTree = "<group>"; };
		89E365A526C58ED40039814D /* DefaultAnimalsDBService.swift */ = {isa = PBXFileReference; lastKnownFileType = sourcecode.swift; path = DefaultAnimalsDBService.swift; sourceTree = "<group>"; };
		89E365A826C58F680039814D /* AnimalsAppDataModel.xcdatamodel */ = {isa = PBXFileReference; lastKnownFileType = wrapper.xcdatamodel; path = AnimalsAppDataModel.xcdatamodel; sourceTree = "<group>"; };
		89E5EEF4268901D3002120C9 /* BottomCollectionViewCell.swift */ = {isa = PBXFileReference; lastKnownFileType = sourcecode.swift; path = BottomCollectionViewCell.swift; sourceTree = "<group>"; };
		89E5EEF726890D24002120C9 /* ApiManager.swift */ = {isa = PBXFileReference; lastKnownFileType = sourcecode.swift; path = ApiManager.swift; sourceTree = "<group>"; };
		89E5EEFB26891137002120C9 /* RandomImage.swift */ = {isa = PBXFileReference; lastKnownFileType = sourcecode.swift; path = RandomImage.swift; sourceTree = "<group>"; };
		89E8124226BE5B6C00C4A943 /* AnimalsBottomCVCell.swift */ = {isa = PBXFileReference; lastKnownFileType = sourcecode.swift; path = AnimalsBottomCVCell.swift; sourceTree = "<group>"; };
		89E8124326BE5B6C00C4A943 /* AnimalsBottomCVCell.xib */ = {isa = PBXFileReference; lastKnownFileType = file.xib; path = AnimalsBottomCVCell.xib; sourceTree = "<group>"; };
		89E8124726BE782A00C4A943 /* DetailsBreedCell.swift */ = {isa = PBXFileReference; lastKnownFileType = sourcecode.swift; path = DetailsBreedCell.swift; sourceTree = "<group>"; };
		89E8124826BE782A00C4A943 /* DetailsBreedCell.xib */ = {isa = PBXFileReference; lastKnownFileType = file.xib; path = DetailsBreedCell.xib; sourceTree = "<group>"; };
		89F903E2268875E000096068 /* practice_2.app */ = {isa = PBXFileReference; explicitFileType = wrapper.application; includeInIndex = 0; path = practice_2.app; sourceTree = BUILT_PRODUCTS_DIR; };
		89F903E5268875E000096068 /* AppDelegate.swift */ = {isa = PBXFileReference; lastKnownFileType = sourcecode.swift; path = AppDelegate.swift; sourceTree = "<group>"; };
		89F903E7268875E000096068 /* SceneDelegate.swift */ = {isa = PBXFileReference; lastKnownFileType = sourcecode.swift; path = SceneDelegate.swift; sourceTree = "<group>"; };
		89F903E9268875E000096068 /* ViewController.swift */ = {isa = PBXFileReference; lastKnownFileType = sourcecode.swift; path = ViewController.swift; sourceTree = "<group>"; };
		89F903EC268875E000096068 /* Base */ = {isa = PBXFileReference; lastKnownFileType = file.storyboard; name = Base; path = Base.lproj/Main.storyboard; sourceTree = "<group>"; };
		89F903EE268875E100096068 /* Assets.xcassets */ = {isa = PBXFileReference; lastKnownFileType = folder.assetcatalog; path = Assets.xcassets; sourceTree = "<group>"; };
		89F903F1268875E100096068 /* Base */ = {isa = PBXFileReference; lastKnownFileType = file.storyboard; name = Base; path = Base.lproj/LaunchScreen.storyboard; sourceTree = "<group>"; };
		89F903F3268875E100096068 /* Info.plist */ = {isa = PBXFileReference; lastKnownFileType = text.plist.xml; path = Info.plist; sourceTree = "<group>"; };
/* End PBXFileReference section */

/* Begin PBXFrameworksBuildPhase section */
		89F903DF268875E000096068 /* Frameworks */ = {
			isa = PBXFrameworksBuildPhase;
			buildActionMask = 2147483647;
			files = (
			);
			runOnlyForDeploymentPostprocessing = 0;
		};
/* End PBXFrameworksBuildPhase section */

/* Begin PBXGroup section */
		8931C3212688D179009310AA /* cells */ = {
			isa = PBXGroup;
			children = (
				8931C3222688D1B6009310AA /* TopTableViewCell.swift */,
				8931C3242688D1C7009310AA /* MiddleTableViewCell.swift */,
				8931C3262688D1D9009310AA /* BottomTableViewCell.swift */,
				89E5EEF4268901D3002120C9 /* BottomCollectionViewCell.swift */,
			);
			path = cells;
			sourceTree = "<group>";
		};
		894592D026A084920012B412 /* DogApp */ = {
			isa = PBXGroup;
			children = (
				89E5EEF626890D06002120C9 /* api */,
				8931C3212688D179009310AA /* cells */,
				89F903E9268875E000096068 /* ViewController.swift */,
				898650DE268CB37B00482BB6 /* Model.swift */,
				894592D226A086E80012B412 /* DogApp.storyboard */,
			);
			path = DogApp;
			sourceTree = "<group>";
		};
		894592D426A089570012B412 /* StarWarsApp */ = {
			isa = PBXGroup;
			children = (
				899AC45126A1F003002EF867 /* core */,
				89D0C70126A15CB5008FA33F /* api */,
				89D0C70326A15D18008FA33F /* utils */,
				89D0C70D26A1A1F5008FA33F /* cells */,
				894592D726A093670012B412 /* StarWarsVC.swift */,
				894592D526A089820012B412 /* StarWars.storyboard */,
			);
			path = StarWarsApp;
			sourceTree = "<group>";
		};
		8957C83726C40EAA0065CBA9 /* DogApi */ = {
			isa = PBXGroup;
			children = (
				89D2136926ADAE410019B40C /* DogBreeds.swift */,
				89D2136B26ADB0C70019B40C /* DogImages.swift */,
				89DD673026B047C8009AC456 /* DogRandomImage.swift */,
			);
			path = DogApi;
			sourceTree = "<group>";
		};
		8957C83826C40ECA0065CBA9 /* CatApi */ = {
			isa = PBXGroup;
			children = (
				8957C83926C4362F0065CBA9 /* CatBreeds.swift */,
				898EAF4326C4DEAF000105DA /* CatImages.swift */,
			);
			path = CatApi;
			sourceTree = "<group>";
		};
		899AC45126A1F003002EF867 /* core */ = {
			isa = PBXGroup;
			children = (
				89AB269826A1FF650053C771 /* models */,
				89AB269326A1F52B0053C771 /* service */,
				899AC45326A1F029002EF867 /* StarWarsDataModel.xcdatamodeld */,
				89AB269126A1F21B0053C771 /* DatabaseStack.swift */,
			);
			path = core;
			sourceTree = "<group>";
		};
		89AB269326A1F52B0053C771 /* service */ = {
			isa = PBXGroup;
			children = (
				89AB269426A1F53C0053C771 /* DatabaseService.swift */,
				89AB269626A1FAC70053C771 /* DefaultDatabaseService.swift */,
			);
			path = service;
			sourceTree = "<group>";
		};
		89AB269826A1FF650053C771 /* models */ = {
			isa = PBXGroup;
			children = (
				89D0C70B26A18955008FA33F /* HeroModel.swift */,
			);
			path = models;
			sourceTree = "<group>";
		};
		89D0C70126A15CB5008FA33F /* api */ = {
			isa = PBXGroup;
			children = (
				89D0C70626A166DD008FA33F /* models */,
				89D0C70226A15CC0008FA33F /* services */,
			);
			path = api;
			sourceTree = "<group>";
		};
		89D0C70226A15CC0008FA33F /* services */ = {
			isa = PBXGroup;
			children = (
				89D0C70426A15DAD008FA33F /* SWApiManager.swift */,
			);
			path = services;
			sourceTree = "<group>";
		};
		89D0C70326A15D18008FA33F /* utils */ = {
			isa = PBXGroup;
			children = (
				89D0C6FF26A157BF008FA33F /* Alert.swift */,
			);
			path = utils;
			sourceTree = "<group>";
		};
		89D0C70626A166DD008FA33F /* models */ = {
			isa = PBXGroup;
			children = (
				89D0C70926A16748008FA33F /* SWHero.swift */,
			);
			path = models;
			sourceTree = "<group>";
		};
		89D0C70D26A1A1F5008FA33F /* cells */ = {
			isa = PBXGroup;
			children = (
				894592D926A098E60012B412 /* HeroCell.swift */,
				89D0C70E26A1A28A008FA33F /* DetailHeroVC.swift */,
			);
			path = cells;
			sourceTree = "<group>";
		};
		89D2134626AD527A0019B40C /* AnimalsApp */ = {
			isa = PBXGroup;
			children = (
				89D2134726AD530D0019B40C /* AnimalsApp.storyboard */,
				89DFF7B626BC439700B24280 /* ModuleBuilder.swift */,
				89D2136126ADA68A0019B40C /* AnimalsListModule */,
				89DFF7AB26BC3ED200B24280 /* DetailsBreedModule */,
				89D2136426ADA96C0019B40C /* Services */,
			);
			path = AnimalsApp;
			sourceTree = "<group>";
		};
		89D2134926AD53780019B40C /* Model */ = {
			isa = PBXGroup;
			children = (
				89D2136226ADA9120019B40C /* Animal.swift */,
			);
			path = Model;
			sourceTree = "<group>";
		};
		89D2134A26AD537E0019B40C /* Presenter */ = {
			isa = PBXGroup;
			children = (
				89D2135F26ADA6230019B40C /* AnimalsListPresenter.swift */,
				897DC03126CA1E8200FDFAE5 /* AnimalInfo.swift */,
			);
			path = Presenter;
			sourceTree = "<group>";
		};
		89D2134B26AD53880019B40C /* View */ = {
			isa = PBXGroup;
			children = (
				89D2134C26AD540B0019B40C /* AnimalsListViewContoller.swift */,
				89D2134E26AD5E370019B40C /* Cells */,
			);
			path = View;
			sourceTree = "<group>";
		};
		89D2134E26AD5E370019B40C /* Cells */ = {
			isa = PBXGroup;
			children = (
				89E8131F26BDBD7800B16519 /* TopCell */,
				89E8132026BDBD8100B16519 /* MiddleCell */,
				89E8132126BDBD8800B16519 /* BottomCell */,
			);
			path = Cells;
			sourceTree = "<group>";
		};
		89D2136126ADA68A0019B40C /* AnimalsListModule */ = {
			isa = PBXGroup;
			children = (
				89D2134926AD53780019B40C /* Model */,
				89D2134B26AD53880019B40C /* View */,
				89D2134A26AD537E0019B40C /* Presenter */,
			);
			path = AnimalsListModule;
			sourceTree = "<group>";
		};
		89D2136426ADA96C0019B40C /* Services */ = {
			isa = PBXGroup;
			children = (
				89E365A226C58E3A0039814D /* DatabaseService */,
				89D2136526ADA9850019B40C /* NetworkService */,
			);
			path = Services;
			sourceTree = "<group>";
		};
		89D2136526ADA9850019B40C /* NetworkService */ = {
			isa = PBXGroup;
			children = (
				89D2136826ADACD70019B40C /* ApiModels */,
				89D2136626ADAA300019B40C /* NetworkService.swift */,
			);
			path = NetworkService;
			sourceTree = "<group>";
		};
		89D2136826ADACD70019B40C /* ApiModels */ = {
			isa = PBXGroup;
			children = (
				8957C83826C40ECA0065CBA9 /* CatApi */,
				8957C83726C40EAA0065CBA9 /* DogApi */,
			);
			path = ApiModels;
			sourceTree = "<group>";
		};
		89DFF7AB26BC3ED200B24280 /* DetailsBreedModule */ = {
			isa = PBXGroup;
			children = (
				89DFF7AD26BC3EF100B24280 /* View */,
				89DFF7AC26BC3EE900B24280 /* Presenter */,
			);
			path = DetailsBreedModule;
			sourceTree = "<group>";
		};
		89DFF7AC26BC3EE900B24280 /* Presenter */ = {
			isa = PBXGroup;
			children = (
				89DFF7B426BC409200B24280 /* DetailsBreedPresenter.swift */,
			);
			path = Presenter;
			sourceTree = "<group>";
		};
		89DFF7AD26BC3EF100B24280 /* View */ = {
			isa = PBXGroup;
			children = (
				89DFF7AE26BC3FAD00B24280 /* DetailsBreedViewController.swift */,
				89D6503926C308F30068A0B3 /* FullScreenBreedViewController.swift */,
				899078BA26C397FC00CE6B80 /* AnimalImageScrollView.swift */,
				89E8124626BE77D400C4A943 /* Cells */,
			);
			path = View;
			sourceTree = "<group>";
		};
		89E365A226C58E3A0039814D /* DatabaseService */ = {
			isa = PBXGroup;
			children = (
				89E365A326C58E910039814D /* AnimalsDatabaseService.swift */,
				89E365A526C58ED40039814D /* DefaultAnimalsDBService.swift */,
				89A3DC4D26C5957A00FC2551 /* AnimalsDatabaseStack.swift */,
				89E365A726C58F680039814D /* AnimalsAppDataModel.xcdatamodeld */,
			);
			path = DatabaseService;
			sourceTree = "<group>";
		};
		89E5EEF626890D06002120C9 /* api */ = {
			isa = PBXGroup;
			children = (
				89E5EEFA26890D30002120C9 /* services */,
				89E5EEF926890D29002120C9 /* models */,
			);
			path = api;
			sourceTree = "<group>";
		};
		89E5EEF926890D29002120C9 /* models */ = {
			isa = PBXGroup;
			children = (
				89E5EEFB26891137002120C9 /* RandomImage.swift */,
			);
			path = models;
			sourceTree = "<group>";
		};
		89E5EEFA26890D30002120C9 /* services */ = {
			isa = PBXGroup;
			children = (
				89E5EEF726890D24002120C9 /* ApiManager.swift */,
			);
			path = services;
			sourceTree = "<group>";
		};
		89E8124626BE77D400C4A943 /* Cells */ = {
			isa = PBXGroup;
			children = (
				89E8124726BE782A00C4A943 /* DetailsBreedCell.swift */,
				89E8124826BE782A00C4A943 /* DetailsBreedCell.xib */,
			);
			path = Cells;
			sourceTree = "<group>";
		};
		89E8131F26BDBD7800B16519 /* TopCell */ = {
			isa = PBXGroup;
			children = (
				89D2135226AD5FCD0019B40C /* AnimalsTopCell.swift */,
				89D2135326AD5FCD0019B40C /* AnimalsTopCell.xib */,
			);
			path = TopCell;
			sourceTree = "<group>";
		};
		89E8132026BDBD8100B16519 /* MiddleCell */ = {
			isa = PBXGroup;
			children = (
				894BD1F326BDA55500900929 /* AnimalsMiddleCell.swift */,
				894BD1F726BDAD6100900929 /* AnimalsMiddleCVCell.swift */,
				894BD1F426BDA55500900929 /* AnimalsMiddleCell.xib */,
				894BD1F826BDAD6100900929 /* AnimalsMiddleCVCell.xib */,
			);
			path = MiddleCell;
			sourceTree = "<group>";
		};
		89E8132126BDBD8800B16519 /* BottomCell */ = {
			isa = PBXGroup;
			children = (
				89D2135B26AD85110019B40C /* AnimalsBottomCell.swift */,
				89E8124226BE5B6C00C4A943 /* AnimalsBottomCVCell.swift */,
				89D2135C26AD85110019B40C /* AnimalsBottomCell.xib */,
				89E8124326BE5B6C00C4A943 /* AnimalsBottomCVCell.xib */,
			);
			path = BottomCell;
			sourceTree = "<group>";
		};
		89F903D9268875E000096068 = {
			isa = PBXGroup;
			children = (
				89F903E4268875E000096068 /* practice_2 */,
				89F903E3268875E000096068 /* Products */,
			);
			sourceTree = "<group>";
		};
		89F903E3268875E000096068 /* Products */ = {
			isa = PBXGroup;
			children = (
				89F903E2268875E000096068 /* practice_2.app */,
			);
			name = Products;
			sourceTree = "<group>";
		};
		89F903E4268875E000096068 /* practice_2 */ = {
			isa = PBXGroup;
			children = (
				89F903E5268875E000096068 /* AppDelegate.swift */,
				89F903E7268875E000096068 /* SceneDelegate.swift */,
				89F903EB268875E000096068 /* Main.storyboard */,
				89F903F0268875E100096068 /* LaunchScreen.storyboard */,
				89F903EE268875E100096068 /* Assets.xcassets */,
				89F903F3268875E100096068 /* Info.plist */,
				894592D026A084920012B412 /* DogApp */,
				894592D426A089570012B412 /* StarWarsApp */,
				89D2134626AD527A0019B40C /* AnimalsApp */,
			);
			path = practice_2;
			sourceTree = "<group>";
		};
/* End PBXGroup section */

/* Begin PBXNativeTarget section */
		89F903E1268875E000096068 /* practice_2 */ = {
			isa = PBXNativeTarget;
			buildConfigurationList = 89F903F6268875E100096068 /* Build configuration list for PBXNativeTarget "practice_2" */;
			buildPhases = (
				89A03EBD268F9BF60068FC33 /* Run Swiftlint */,
				89F903DE268875E000096068 /* Sources */,
				89F903DF268875E000096068 /* Frameworks */,
				89F903E0268875E000096068 /* Resources */,
			);
			buildRules = (
			);
			dependencies = (
			);
			name = practice_2;
			productName = practice_2;
			productReference = 89F903E2268875E000096068 /* practice_2.app */;
			productType = "com.apple.product-type.application";
		};
/* End PBXNativeTarget section */

/* Begin PBXProject section */
		89F903DA268875E000096068 /* Project object */ = {
			isa = PBXProject;
			attributes = {
				LastSwiftUpdateCheck = 1250;
				LastUpgradeCheck = 1250;
				TargetAttributes = {
					89F903E1268875E000096068 = {
						CreatedOnToolsVersion = 12.5;
					};
				};
			};
			buildConfigurationList = 89F903DD268875E000096068 /* Build configuration list for PBXProject "practice_2" */;
			compatibilityVersion = "Xcode 9.3";
			developmentRegion = en;
			hasScannedForEncodings = 0;
			knownRegions = (
				en,
				Base,
			);
			mainGroup = 89F903D9268875E000096068;
			productRefGroup = 89F903E3268875E000096068 /* Products */;
			projectDirPath = "";
			projectRoot = "";
			targets = (
				89F903E1268875E000096068 /* practice_2 */,
			);
		};
/* End PBXProject section */

/* Begin PBXResourcesBuildPhase section */
		89F903E0268875E000096068 /* Resources */ = {
			isa = PBXResourcesBuildPhase;
			buildActionMask = 2147483647;
			files = (
				89F903F2268875E100096068 /* LaunchScreen.storyboard in Resources */,
				89F903EF268875E100096068 /* Assets.xcassets in Resources */,
				894BD1FA26BDAD6100900929 /* AnimalsMiddleCVCell.xib in Resources */,
				894BD1F626BDA55500900929 /* AnimalsMiddleCell.xib in Resources */,
				89D2135526AD5FCD0019B40C /* AnimalsTopCell.xib in Resources */,
				89D2134826AD530D0019B40C /* AnimalsApp.storyboard in Resources */,
				89F903ED268875E000096068 /* Main.storyboard in Resources */,
				89D2135E26AD85110019B40C /* AnimalsBottomCell.xib in Resources */,
				894592D326A086E80012B412 /* DogApp.storyboard in Resources */,
				89E8124A26BE782A00C4A943 /* DetailsBreedCell.xib in Resources */,
				89E8124526BE5B6C00C4A943 /* AnimalsBottomCVCell.xib in Resources */,
				894592D626A089820012B412 /* StarWars.storyboard in Resources */,
			);
			runOnlyForDeploymentPostprocessing = 0;
		};
/* End PBXResourcesBuildPhase section */

/* Begin PBXShellScriptBuildPhase section */
		89A03EBD268F9BF60068FC33 /* Run Swiftlint */ = {
			isa = PBXShellScriptBuildPhase;
			buildActionMask = 2147483647;
			files = (
			);
			inputFileListPaths = (
			);
			inputPaths = (
			);
			name = "Run Swiftlint";
			outputFileListPaths = (
			);
			outputPaths = (
			);
			runOnlyForDeploymentPostprocessing = 0;
			shellPath = /bin/sh;
			shellScript = "# Type a script or drag a script file from your workspace to insert its path.\neval $(/opt/homebrew/bin/brew shellenv)\nif which swiftlint >/dev/null; then\n  swiftlint\nelse\n  echo \"warning: SwiftLint not installed, download from https://github.com/realm/SwiftLint\"\nfi\n";
		};
/* End PBXShellScriptBuildPhase section */

/* Begin PBXSourcesBuildPhase section */
		89F903DE268875E000096068 /* Sources */ = {
			isa = PBXSourcesBuildPhase;
			buildActionMask = 2147483647;
			files = (
				89D6503A26C308F30068A0B3 /* FullScreenBreedViewController.swift in Sources */,
				89D0C70526A15DAD008FA33F /* SWApiManager.swift in Sources */,
				89E5EEF826890D24002120C9 /* ApiManager.swift in Sources */,
				89D2135D26AD85110019B40C /* AnimalsBottomCell.swift in Sources */,
				89E5EEFC26891137002120C9 /* RandomImage.swift in Sources */,
				89DFF7B026BC3FAD00B24280 /* DetailsBreedViewController.swift in Sources */,
				8931C3232688D1B6009310AA /* TopTableViewCell.swift in Sources */,
				89D0C70A26A16748008FA33F /* SWHero.swift in Sources */,
				894BD1F926BDAD6100900929 /* AnimalsMiddleCVCell.swift in Sources */,
				894592DA26A098E60012B412 /* HeroCell.swift in Sources */,
				89AB269526A1F53C0053C771 /* DatabaseService.swift in Sources */,
				89DD673126B047C8009AC456 /* DogRandomImage.swift in Sources */,
				89E8124426BE5B6C00C4A943 /* AnimalsBottomCVCell.swift in Sources */,
				89E5EEF5268901D3002120C9 /* BottomCollectionViewCell.swift in Sources */,
				89D0C70026A157BF008FA33F /* Alert.swift in Sources */,
				89F903EA268875E000096068 /* ViewController.swift in Sources */,
				89D0C70F26A1A28A008FA33F /* DetailHeroVC.swift in Sources */,
				89D2136A26ADAE410019B40C /* DogBreeds.swift in Sources */,
				89D2134D26AD540B0019B40C /* AnimalsListViewContoller.swift in Sources */,
				89D0C70C26A18955008FA33F /* HeroModel.swift in Sources */,
				89AB269226A1F21B0053C771 /* DatabaseStack.swift in Sources */,
				899078BB26C397FC00CE6B80 /* AnimalImageScrollView.swift in Sources */,
				898650DF268CB37B00482BB6 /* Model.swift in Sources */,
				89A3DC4E26C5957A00FC2551 /* AnimalsDatabaseStack.swift in Sources */,
				89E365A626C58ED40039814D /* DefaultAnimalsDBService.swift in Sources */,
				89D2136C26ADB0C70019B40C /* DogImages.swift in Sources */,
				89D2136326ADA9120019B40C /* Animal.swift in Sources */,
				89E365A926C58F680039814D /* AnimalsAppDataModel.xcdatamodeld in Sources */,
				899AC45526A1F029002EF867 /* StarWarsDataModel.xcdatamodeld in Sources */,
				89E365A426C58E910039814D /* AnimalsDatabaseService.swift in Sources */,
				89D2136726ADAA300019B40C /* NetworkService.swift in Sources */,
				8931C3272688D1D9009310AA /* BottomTableViewCell.swift in Sources */,
				89D2135426AD5FCD0019B40C /* AnimalsTopCell.swift in Sources */,
				894BD1F526BDA55500900929 /* AnimalsMiddleCell.swift in Sources */,
				89F903E6268875E000096068 /* AppDelegate.swift in Sources */,
				8957C83A26C4362F0065CBA9 /* CatBreeds.swift in Sources */,
				89DFF7B726BC439700B24280 /* ModuleBuilder.swift in Sources */,
				894592D826A093670012B412 /* StarWarsVC.swift in Sources */,
				898EAF4426C4DEAF000105DA /* CatImages.swift in Sources */,
				89D2136026ADA6230019B40C /* AnimalsListPresenter.swift in Sources */,
				89F903E8268875E000096068 /* SceneDelegate.swift in Sources */,
				89E8124926BE782A00C4A943 /* DetailsBreedCell.swift in Sources */,
				8931C3252688D1C7009310AA /* MiddleTableViewCell.swift in Sources */,
				89AB269726A1FAC70053C771 /* DefaultDatabaseService.swift in Sources */,
				89DFF7B526BC409200B24280 /* DetailsBreedPresenter.swift in Sources */,
				897DC03226CA1E8200FDFAE5 /* AnimalInfo.swift in Sources */,
			);
			runOnlyForDeploymentPostprocessing = 0;
		};
/* End PBXSourcesBuildPhase section */

/* Begin PBXVariantGroup section */
		89F903EB268875E000096068 /* Main.storyboard */ = {
			isa = PBXVariantGroup;
			children = (
				89F903EC268875E000096068 /* Base */,
			);
			name = Main.storyboard;
			sourceTree = "<group>";
		};
		89F903F0268875E100096068 /* LaunchScreen.storyboard */ = {
			isa = PBXVariantGroup;
			children = (
				89F903F1268875E100096068 /* Base */,
			);
			name = LaunchScreen.storyboard;
			sourceTree = "<group>";
		};
/* End PBXVariantGroup section */

/* Begin XCBuildConfiguration section */
		89F903F4268875E100096068 /* Debug */ = {
			isa = XCBuildConfiguration;
			buildSettings = {
				ALWAYS_SEARCH_USER_PATHS = NO;
				CLANG_ANALYZER_NONNULL = YES;
				CLANG_ANALYZER_NUMBER_OBJECT_CONVERSION = YES_AGGRESSIVE;
				CLANG_CXX_LANGUAGE_STANDARD = "gnu++14";
				CLANG_CXX_LIBRARY = "libc++";
				CLANG_ENABLE_MODULES = YES;
				CLANG_ENABLE_OBJC_ARC = YES;
				CLANG_ENABLE_OBJC_WEAK = YES;
				CLANG_WARN_BLOCK_CAPTURE_AUTORELEASING = YES;
				CLANG_WARN_BOOL_CONVERSION = YES;
				CLANG_WARN_COMMA = YES;
				CLANG_WARN_CONSTANT_CONVERSION = YES;
				CLANG_WARN_DEPRECATED_OBJC_IMPLEMENTATIONS = YES;
				CLANG_WARN_DIRECT_OBJC_ISA_USAGE = YES_ERROR;
				CLANG_WARN_DOCUMENTATION_COMMENTS = YES;
				CLANG_WARN_EMPTY_BODY = YES;
				CLANG_WARN_ENUM_CONVERSION = YES;
				CLANG_WARN_INFINITE_RECURSION = YES;
				CLANG_WARN_INT_CONVERSION = YES;
				CLANG_WARN_NON_LITERAL_NULL_CONVERSION = YES;
				CLANG_WARN_OBJC_IMPLICIT_RETAIN_SELF = YES;
				CLANG_WARN_OBJC_LITERAL_CONVERSION = YES;
				CLANG_WARN_OBJC_ROOT_CLASS = YES_ERROR;
				CLANG_WARN_QUOTED_INCLUDE_IN_FRAMEWORK_HEADER = YES;
				CLANG_WARN_RANGE_LOOP_ANALYSIS = YES;
				CLANG_WARN_STRICT_PROTOTYPES = YES;
				CLANG_WARN_SUSPICIOUS_MOVE = YES;
				CLANG_WARN_UNGUARDED_AVAILABILITY = YES_AGGRESSIVE;
				CLANG_WARN_UNREACHABLE_CODE = YES;
				CLANG_WARN__DUPLICATE_METHOD_MATCH = YES;
				COPY_PHASE_STRIP = NO;
				DEBUG_INFORMATION_FORMAT = dwarf;
				ENABLE_STRICT_OBJC_MSGSEND = YES;
				ENABLE_TESTABILITY = YES;
				GCC_C_LANGUAGE_STANDARD = gnu11;
				GCC_DYNAMIC_NO_PIC = NO;
				GCC_NO_COMMON_BLOCKS = YES;
				GCC_OPTIMIZATION_LEVEL = 0;
				GCC_PREPROCESSOR_DEFINITIONS = (
					"DEBUG=1",
					"$(inherited)",
				);
				GCC_WARN_64_TO_32_BIT_CONVERSION = YES;
				GCC_WARN_ABOUT_RETURN_TYPE = YES_ERROR;
				GCC_WARN_UNDECLARED_SELECTOR = YES;
				GCC_WARN_UNINITIALIZED_AUTOS = YES_AGGRESSIVE;
				GCC_WARN_UNUSED_FUNCTION = YES;
				GCC_WARN_UNUSED_VARIABLE = YES;
				IPHONEOS_DEPLOYMENT_TARGET = 14.5;
				MTL_ENABLE_DEBUG_INFO = INCLUDE_SOURCE;
				MTL_FAST_MATH = YES;
				ONLY_ACTIVE_ARCH = YES;
				SDKROOT = iphoneos;
				SWIFT_ACTIVE_COMPILATION_CONDITIONS = DEBUG;
				SWIFT_OPTIMIZATION_LEVEL = "-Onone";
			};
			name = Debug;
		};
		89F903F5268875E100096068 /* Release */ = {
			isa = XCBuildConfiguration;
			buildSettings = {
				ALWAYS_SEARCH_USER_PATHS = NO;
				CLANG_ANALYZER_NONNULL = YES;
				CLANG_ANALYZER_NUMBER_OBJECT_CONVERSION = YES_AGGRESSIVE;
				CLANG_CXX_LANGUAGE_STANDARD = "gnu++14";
				CLANG_CXX_LIBRARY = "libc++";
				CLANG_ENABLE_MODULES = YES;
				CLANG_ENABLE_OBJC_ARC = YES;
				CLANG_ENABLE_OBJC_WEAK = YES;
				CLANG_WARN_BLOCK_CAPTURE_AUTORELEASING = YES;
				CLANG_WARN_BOOL_CONVERSION = YES;
				CLANG_WARN_COMMA = YES;
				CLANG_WARN_CONSTANT_CONVERSION = YES;
				CLANG_WARN_DEPRECATED_OBJC_IMPLEMENTATIONS = YES;
				CLANG_WARN_DIRECT_OBJC_ISA_USAGE = YES_ERROR;
				CLANG_WARN_DOCUMENTATION_COMMENTS = YES;
				CLANG_WARN_EMPTY_BODY = YES;
				CLANG_WARN_ENUM_CONVERSION = YES;
				CLANG_WARN_INFINITE_RECURSION = YES;
				CLANG_WARN_INT_CONVERSION = YES;
				CLANG_WARN_NON_LITERAL_NULL_CONVERSION = YES;
				CLANG_WARN_OBJC_IMPLICIT_RETAIN_SELF = YES;
				CLANG_WARN_OBJC_LITERAL_CONVERSION = YES;
				CLANG_WARN_OBJC_ROOT_CLASS = YES_ERROR;
				CLANG_WARN_QUOTED_INCLUDE_IN_FRAMEWORK_HEADER = YES;
				CLANG_WARN_RANGE_LOOP_ANALYSIS = YES;
				CLANG_WARN_STRICT_PROTOTYPES = YES;
				CLANG_WARN_SUSPICIOUS_MOVE = YES;
				CLANG_WARN_UNGUARDED_AVAILABILITY = YES_AGGRESSIVE;
				CLANG_WARN_UNREACHABLE_CODE = YES;
				CLANG_WARN__DUPLICATE_METHOD_MATCH = YES;
				COPY_PHASE_STRIP = NO;
				DEBUG_INFORMATION_FORMAT = "dwarf-with-dsym";
				ENABLE_NS_ASSERTIONS = NO;
				ENABLE_STRICT_OBJC_MSGSEND = YES;
				GCC_C_LANGUAGE_STANDARD = gnu11;
				GCC_NO_COMMON_BLOCKS = YES;
				GCC_WARN_64_TO_32_BIT_CONVERSION = YES;
				GCC_WARN_ABOUT_RETURN_TYPE = YES_ERROR;
				GCC_WARN_UNDECLARED_SELECTOR = YES;
				GCC_WARN_UNINITIALIZED_AUTOS = YES_AGGRESSIVE;
				GCC_WARN_UNUSED_FUNCTION = YES;
				GCC_WARN_UNUSED_VARIABLE = YES;
				IPHONEOS_DEPLOYMENT_TARGET = 14.5;
				MTL_ENABLE_DEBUG_INFO = NO;
				MTL_FAST_MATH = YES;
				SDKROOT = iphoneos;
				SWIFT_COMPILATION_MODE = wholemodule;
				SWIFT_OPTIMIZATION_LEVEL = "-O";
				VALIDATE_PRODUCT = YES;
			};
			name = Release;
		};
		89F903F7268875E100096068 /* Debug */ = {
			isa = XCBuildConfiguration;
			buildSettings = {
				ASSETCATALOG_COMPILER_APPICON_NAME = AppIcon;
				ASSETCATALOG_COMPILER_GLOBAL_ACCENT_COLOR_NAME = AccentColor;
				CODE_SIGN_STYLE = Automatic;
				DEVELOPMENT_TEAM = 353WQ2ARJQ;
				INFOPLIST_FILE = practice_2/Info.plist;
				LD_RUNPATH_SEARCH_PATHS = (
					"$(inherited)",
					"@executable_path/Frameworks",
				);
				PRODUCT_BUNDLE_IDENTIFIER = "ru.firstprojectbb.practice-2";
				PRODUCT_NAME = "$(TARGET_NAME)";
				SWIFT_VERSION = 5.0;
				TARGETED_DEVICE_FAMILY = "1,2";
			};
			name = Debug;
		};
		89F903F8268875E100096068 /* Release */ = {
			isa = XCBuildConfiguration;
			buildSettings = {
				ASSETCATALOG_COMPILER_APPICON_NAME = AppIcon;
				ASSETCATALOG_COMPILER_GLOBAL_ACCENT_COLOR_NAME = AccentColor;
				CODE_SIGN_STYLE = Automatic;
				DEVELOPMENT_TEAM = 353WQ2ARJQ;
				INFOPLIST_FILE = practice_2/Info.plist;
				LD_RUNPATH_SEARCH_PATHS = (
					"$(inherited)",
					"@executable_path/Frameworks",
				);
				PRODUCT_BUNDLE_IDENTIFIER = "ru.firstprojectbb.practice-2";
				PRODUCT_NAME = "$(TARGET_NAME)";
				SWIFT_VERSION = 5.0;
				TARGETED_DEVICE_FAMILY = "1,2";
			};
			name = Release;
		};
/* End XCBuildConfiguration section */

/* Begin XCConfigurationList section */
		89F903DD268875E000096068 /* Build configuration list for PBXProject "practice_2" */ = {
			isa = XCConfigurationList;
			buildConfigurations = (
				89F903F4268875E100096068 /* Debug */,
				89F903F5268875E100096068 /* Release */,
			);
			defaultConfigurationIsVisible = 0;
			defaultConfigurationName = Release;
		};
		89F903F6268875E100096068 /* Build configuration list for PBXNativeTarget "practice_2" */ = {
			isa = XCConfigurationList;
			buildConfigurations = (
				89F903F7268875E100096068 /* Debug */,
				89F903F8268875E100096068 /* Release */,
			);
			defaultConfigurationIsVisible = 0;
			defaultConfigurationName = Release;
		};
/* End XCConfigurationList section */

/* Begin XCVersionGroup section */
		899AC45326A1F029002EF867 /* StarWarsDataModel.xcdatamodeld */ = {
			isa = XCVersionGroup;
			children = (
				899AC45426A1F029002EF867 /* StarWarsDataModel.xcdatamodel */,
			);
			currentVersion = 899AC45426A1F029002EF867 /* StarWarsDataModel.xcdatamodel */;
			path = StarWarsDataModel.xcdatamodeld;
			sourceTree = "<group>";
			versionGroupType = wrapper.xcdatamodel;
		};
		89E365A726C58F680039814D /* AnimalsAppDataModel.xcdatamodeld */ = {
			isa = XCVersionGroup;
			children = (
				89E365A826C58F680039814D /* AnimalsAppDataModel.xcdatamodel */,
			);
			currentVersion = 89E365A826C58F680039814D /* AnimalsAppDataModel.xcdatamodel */;
			path = AnimalsAppDataModel.xcdatamodeld;
			sourceTree = "<group>";
			versionGroupType = wrapper.xcdatamodel;
		};
/* End XCVersionGroup section */
	};
	rootObject = 89F903DA268875E000096068 /* Project object */;
}
